# THIS IS AN AUTOGENERATED FILE. DO NOT EDIT THIS FILE DIRECTLY.
# yarn lockfile v1


"@types/immutable@^3.8.7":
  version "3.8.7"
  resolved "https://registry.yarnpkg.com/@types/immutable/-/immutable-3.8.7.tgz#536d33d30f3f3d9a6d4642a219419fd82af633fb"
  dependencies:
    immutable "*"

immutable@*, immutable@^3.8.2:
  version "3.8.2"
  resolved "https://registry.yarnpkg.com/immutable/-/immutable-3.8.2.tgz#c2439951455bb39913daf281376f1530e104adf3"
